Microsoft Visual Studio Solution File, Format Version 12.00
# Visual Studio Version 17
VisualStudioVersion = 17.5.2.0
MinimumVisualStudioVersion = 10.0.40219.1
Project("{FAE04EC0-301F-11D3-BF4B-00C04F79EFBC}") = "Conecta.Doa.Application.Presentation", "src\Application.Presentation\Conecta.Doa.Application.Presentation.csproj", "{973DC511-AFED-D9A8-8BDB-78B4754200BF}"
EndProject
Global
	GlobalSection(SolutionConfigurationPlatforms) = preSolution
		Debug|Any CPU = Debug|Any CPU
		Release|Any CPU = Release|Any CPU
	EndGlobalSection
	GlobalSection(ProjectConfigurationPlatforms) = postSolution
		{973DC511-AFED-D9A8-8BDB-78B4754200BF}.Debug|Any CPU.ActiveCfg = Debug|Any CPU
		{973DC511-AFED-D9A8-8BDB-78B4754200BF}.Debug|Any CPU.Build.0 = Debug|Any CPU
		{973DC511-AFED-D9A8-8BDB-78B4754200BF}.Release|Any CPU.ActiveCfg = Release|Any CPU
		{973DC511-AFED-D9A8-8BDB-78B4754200BF}.Release|Any CPU.Build.0 = Release|Any CPU
	EndGlobalSection
	GlobalSection(SolutionProperties) = preSolution
		HideSolutionNode = FALSE
	EndGlobalSection
	GlobalSection(ExtensibilityGlobals) = postSolution
		SolutionGuid = {6A17DF71-D3C7-4DDD-9484-DE098C82D0D2}
	EndGlobalSection
EndGlobal
